
Microsoft Visual Studio Solution File, Format Version 12.00
# Visual Studio Version 17
VisualStudioVersion = 17.2.32602.215
MinimumVisualStudioVersion = 10.0.40219.1
Project("{FAE04EC0-301F-11D3-BF4B-00C04F79EFBC}") = "JwtWEBWPITutorial", "JwtWEBWPITutorial\JwtWEBWPITutorial.csproj", "{AEC6264D-EA19-4F24-9CB8-46F9DF83AFD9}"
EndProject
Global
	GlobalSection(SolutionConfigurationPlatforms) = preSolution
		Debug|Any CPU = Debug|Any CPU
		Release|Any CPU = Release|Any CPU
	EndGlobalSection
	GlobalSection(ProjectConfigurationPlatforms) = postSolution
		{AEC6264D-EA19-4F24-9CB8-46F9DF83AFD9}.Debug|Any CPU.ActiveCfg = Debug|Any CPU
		{AEC6264D-EA19-4F24-9CB8-46F9DF83AFD9}.Debug|Any CPU.Build.0 = Debug|Any CPU
		{AEC6264D-EA19-4F24-9CB8-46F9DF83AFD9}.Release|Any CPU.ActiveCfg = Release|Any CPU
		{AEC6264D-EA19-4F24-9CB8-46F9DF83AFD9}.Release|Any CPU.Build.0 = Release|Any CPU
	EndGlobalSection
	GlobalSection(SolutionProperties) = preSolution
		HideSolutionNode = FALSE
	EndGlobalSection
	GlobalSection(ExtensibilityGlobals) = postSolution
		SolutionGuid = {C0D0CE40-E03C-41A3-B7FF-7FDA29DA16F6}
	EndGlobalSection
EndGlobal
